<?xml version="1.0" encoding="utf-8"?>
<Project xmlns="http://schemas.microsoft.com/developer/msbuild/2003">
  <ItemGroup>
    <Filter Include="Form Files">
      <UniqueIdentifier>{99349809-55BA-4b9d-BF79-8FDBB0286EB3}</UniqueIdentifier>
      <Extensions>ui</Extensions>
      <ParseFiles>false</ParseFiles>
    </Filter>
    <Filter Include="Form Files">
      <UniqueIdentifier>{99349809-55BA-4b9d-BF79-8FDBB0286EB3}</UniqueIdentifier>
      <Extensions>ui</Extensions>
      <ParseFiles>false</ParseFiles>
    </Filter>
    <Filter Include="Generated Files">
      <UniqueIdentifier>{71ED8ED8-ACB9-4CE9-BBE1-E00B30144E11}</UniqueIdentifier>
      <Extensions>cpp;c;cxx;moc;h;def;odl;idl;res;</Extensions>
    </Filter>
    <Filter Include="Generated Files">
      <UniqueIdentifier>{71ED8ED8-ACB9-4CE9-BBE1-E00B30144E11}</UniqueIdentifier>
      <Extensions>cpp;c;cxx;moc;h;def;odl;idl;res;</Extensions>
    </Filter>
    <Filter Include="Header Files">
      <UniqueIdentifier>{93995380-89BD-4b04-88EB-625FBE52EBFB}</UniqueIdentifier>
      <Extensions>h;hpp;hxx;hm;inl;inc;xsd</Extensions>
    </Filter>
    <Filter Include="Header Files">
      <UniqueIdentifier>{93995380-89BD-4b04-88EB-625FBE52EBFB}</UniqueIdentifier>
      <Extensions>h;hpp;hxx;hm;inl;inc;xsd</Extensions>
    </Filter>
    <Filter Include="Resource Files">
      <UniqueIdentifier>{D9D6E242-F8AF-46E4-B9FD-80ECBC20BA3E}</UniqueIdentifier>
      <Extensions>qrc;*</Extensions>
      <ParseFiles>false</ParseFiles>
    </Filter>
    <Filter Include="Resource Files">
      <UniqueIdentifier>{D9D6E242-F8AF-46E4-B9FD-80ECBC20BA3E}</UniqueIdentifier>
      <Extensions>qrc;*</Extensions>
      <ParseFiles>false</ParseFiles>
    </Filter>
    <Filter Include="Source Files">
      <UniqueIdentifier>{4FC737F1-C7A5-4376-A066-2A32D752A2FF}</UniqueIdentifier>
      <Extensions>cpp;c;cxx;def;odl;idl;hpj;bat;asm;asmx</Extensions>
    </Filter>
    <Filter Include="Source Files">
      <UniqueIdentifier>{4FC737F1-C7A5-4376-A066-2A32D752A2FF}</UniqueIdentifier>
      <Extensions>cpp;c;cxx;def;odl;idl;hpj;bat;asm;asmx</Extensions>
    </Filter>
  </ItemGroup>
  <ItemGroup>
    <ClCompile Include="displaystumsg.cpp">
      <Filter>Source Files</Filter>
    </ClCompile>
    <ClCompile Include="homewindow.cpp">
      <Filter>Source Files</Filter>
    </ClCompile>
    <ClCompile Include="inputstumsg.cpp">
      <Filter>Source Files</Filter>
    </ClCompile>
    <ClCompile Include="insetstu.cpp">
      <Filter>Source Files</Filter>
    </ClCompile>
    <ClCompile Include="main.cpp">
      <Filter>Source Files</Filter>
    </ClCompile>
    <ClCompile Include="modifystumsg.cpp">
      <Filter>Source Files</Filter>
    </ClCompile>
    <ClCompile Include="readmsgfromfilewd.cpp">
      <Filter>Source Files</Filter>
    </ClCompile>
    <ClCompile Include="seachstubyid.cpp">
      <Filter>Source Files</Filter>
    </ClCompile>
    <ClCompile Include="student.cpp">
      <Filter>Source Files</Filter>
    </ClCompile>
  </ItemGroup>
  <ItemGroup>
    <QtMoc Include="displaystumsg.h">
      <Filter>Header Files</Filter>
    </QtMoc>
    <QtMoc Include="homewindow.h">
      <Filter>Header Files</Filter>
    </QtMoc>
    <QtMoc Include="inputstumsg.h">
      <Filter>Header Files</Filter>
    </QtMoc>
    <QtMoc Include="insetstu.h">
      <Filter>Header Files</Filter>
    </QtMoc>
    <QtMoc Include="modifystumsg.h">
      <Filter>Header Files</Filter>
    </QtMoc>
    <QtMoc Include="readmsgfromfilewd.h">
      <Filter>Header Files</Filter>
    </QtMoc>
    <QtMoc Include="seachstubyid.h">
      <Filter>Header Files</Filter>
    </QtMoc>
    <ClInclude Include="student.h">
      <Filter>Header Files</Filter>
    </ClInclude>
  </ItemGroup>
  <ItemGroup>
    <CustomBuild Include="debug\moc_predefs.h.cbt">
      <Filter>Generated Files</Filter>
    </CustomBuild>
    <CustomBuild Include="release\moc_predefs.h.cbt">
      <Filter>Generated Files</Filter>
    </CustomBuild>
    <ClInclude Include="ui_byebye.h">
      <Filter>Generated Files</Filter>
    </ClInclude>
    <ClInclude Include="ui_displaystumsg.h">
      <Filter>Generated Files</Filter>
    </ClInclude>
    <ClInclude Include="ui_homewindow.h">
      <Filter>Generated Files</Filter>
    </ClInclude>
    <ClInclude Include="ui_inputstumsg.h">
      <Filter>Generated Files</Filter>
    </ClInclude>
    <ClInclude Include="ui_insetstu.h">
      <Filter>Generated Files</Filter>
    </ClInclude>
    <ClInclude Include="ui_modifystumsg.h">
      <Filter>Generated Files</Filter>
    </ClInclude>
    <ClInclude Include="ui_readmsgfromfilewd.h">
      <Filter>Generated Files</Filter>
    </ClInclude>
    <ClInclude Include="ui_seachstubyid.h">
      <Filter>Generated Files</Filter>
    </ClInclude>
  </ItemGroup>
  <ItemGroup>
    <QtUic Include="byebye.ui">
      <Filter>Form Files</Filter>
    </QtUic>
    <QtUic Include="displaystumsg.ui">
      <Filter>Form Files</Filter>
    </QtUic>
    <QtUic Include="homewindow.ui">
      <Filter>Form Files</Filter>
    </QtUic>
    <QtUic Include="inputstumsg.ui">
      <Filter>Form Files</Filter>
    </QtUic>
    <QtUic Include="insetstu.ui">
      <Filter>Form Files</Filter>
    </QtUic>
    <QtUic Include="modifystumsg.ui">
      <Filter>Form Files</Filter>
    </QtUic>
    <QtUic Include="readmsgfromfilewd.ui">
      <Filter>Form Files</Filter>
    </QtUic>
    <QtUic Include="seachstubyid.ui">
      <Filter>Form Files</Filter>
    </QtUic>
  </ItemGroup>
  <ItemGroup>
    <None Include="display.png">
      <Filter>Resource Files</Filter>
    </None>
    <None Include="fileo.png">
      <Filter>Resource Files</Filter>
    </None>
    <None Include="files.png">
      <Filter>Resource Files</Filter>
    </None>
    <None Include="input.png">
      <Filter>Resource Files</Filter>
    </None>
    <QtRcc Include="re.qrc">
      <Filter>Resource Files</Filter>
    </QtRcc>
    <None Include="search.png">
      <Filter>Resource Files</Filter>
    </None>
    <None Include="sort.png">
      <Filter>Resource Files</Filter>
    </None>
  </ItemGroup>
</Project>